
Microsoft Visual Studio Solution File, Format Version 12.00
# Visual Studio 15
VisualStudioVersion = 15.0.26430.16
MinimumVisualStudioVersion = 10.0.40219.1
Project("{2150E333-8FDC-42A3-9474-1A3956D46DE8}") = "Src", "Src", "{57E16545-8168-49A2-9A09-B6B1D6EAE9CF}"
EndProject
Project("{FAE04EC0-301F-11D3-BF4B-00C04F79EFBC}") = "Shopping.Core", "Shopping\Shopping.Core\Shopping.Core.csproj", "{48E61970-5441-4F37-8AA5-2C433D618300}"
EndProject
Project("{FAE04EC0-301F-11D3-BF4B-00C04F79EFBC}") = "Shopping.Droid", "Shopping\Shopping.Droid\Shopping.Droid.csproj", "{742D1D42-26F2-42AC-A782-CE739829D27F}"
EndProject
Project("{2150E333-8FDC-42A3-9474-1A3956D46DE8}") = "Tests", "Tests", "{A5C27700-F60C-4B10-BB26-BFF12073D7DB}"
EndProject
Project("{FAE04EC0-301F-11D3-BF4B-00C04F79EFBC}") = "Shopping.UnitTests", "Shopping\Shopping.UnitTests\Shopping.UnitTests.csproj", "{0FC04B60-3057-454E-9C04-A6FD1F7B5201}"
EndProject
Project("{FAE04EC0-301F-11D3-BF4B-00C04F79EFBC}") = "Shopping.UITests", "Shopping.UITests\Shopping.UITests.csproj", "{A20D117E-EA7D-42AA-9BB6-88D64C9A3542}"
EndProject
Global
	GlobalSection(SolutionConfigurationPlatforms) = preSolution
		Ad-Hoc|Any CPU = Ad-Hoc|Any CPU
		Ad-Hoc|ARM = Ad-Hoc|ARM
		Ad-Hoc|iPhone = Ad-Hoc|iPhone
		Ad-Hoc|iPhoneSimulator = Ad-Hoc|iPhoneSimulator
		Ad-Hoc|x64 = Ad-Hoc|x64
		Ad-Hoc|x86 = Ad-Hoc|x86
		AppStore|Any CPU = AppStore|Any CPU
		AppStore|ARM = AppStore|ARM
		AppStore|iPhone = AppStore|iPhone
		AppStore|iPhoneSimulator = AppStore|iPhoneSimulator
		AppStore|x64 = AppStore|x64
		AppStore|x86 = AppStore|x86
		Debug|Any CPU = Debug|Any CPU
		Debug|ARM = Debug|ARM
		Debug|iPhone = Debug|iPhone
		Debug|iPhoneSimulator = Debug|iPhoneSimulator
		Debug|x64 = Debug|x64
		Debug|x86 = Debug|x86
		Release|Any CPU = Release|Any CPU
		Release|ARM = Release|ARM
		Release|iPhone = Release|iPhone
		Release|iPhoneSimulator = Release|iPhoneSimulator
		Release|x64 = Release|x64
		Release|x86 = Release|x86
	EndGlobalSection
	GlobalSection(ProjectConfigurationPlatforms) = postSolution
		{48E61970-5441-4F37-8AA5-2C433D618300}.Ad-Hoc|Any CPU.ActiveCfg = Release|Any CPU
		{48E61970-5441-4F37-8AA5-2C433D618300}.Ad-Hoc|Any CPU.Build.0 = Release|Any CPU
		{48E61970-5441-4F37-8AA5-2C433D618300}.Ad-Hoc|ARM.ActiveCfg = Release|Any CPU
		{48E61970-5441-4F37-8AA5-2C433D618300}.Ad-Hoc|ARM.Build.0 = Release|Any CPU
		{48E61970-5441-4F37-8AA5-2C433D618300}.Ad-Hoc|iPhone.ActiveCfg = Release|Any CPU
		{48E61970-5441-4F37-8AA5-2C433D618300}.Ad-Hoc|iPhone.Build.0 = Release|Any CPU
		{48E61970-5441-4F37-8AA5-2C433D618300}.Ad-Hoc|iPhoneSimulator.ActiveCfg = Release|Any CPU
		{48E61970-5441-4F37-8AA5-2C433D618300}.Ad-Hoc|iPhoneSimulator.Build.0 = Release|Any CPU
		{48E61970-5441-4F37-8AA5-2C433D618300}.Ad-Hoc|x64.ActiveCfg = Release|Any CPU
		{48E61970-5441-4F37-8AA5-2C433D618300}.Ad-Hoc|x64.Build.0 = Release|Any CPU
		{48E61970-5441-4F37-8AA5-2C433D618300}.Ad-Hoc|x86.ActiveCfg = Release|Any CPU
		{48E61970-5441-4F37-8AA5-2C433D618300}.Ad-Hoc|x86.Build.0 = Release|Any CPU
		{48E61970-5441-4F37-8AA5-2C433D618300}.AppStore|Any CPU.ActiveCfg = Release|Any CPU
		{48E61970-5441-4F37-8AA5-2C433D618300}.AppStore|Any CPU.Build.0 = Release|Any CPU
		{48E61970-5441-4F37-8AA5-2C433D618300}.AppStore|ARM.ActiveCfg = Release|Any CPU
		{48E61970-5441-4F37-8AA5-2C433D618300}.AppStore|ARM.Build.0 = Release|Any CPU
		{48E61970-5441-4F37-8AA5-2C433D618300}.AppStore|iPhone.ActiveCfg = Release|Any CPU
		{48E61970-5441-4F37-8AA5-2C433D618300}.AppStore|iPhone.Build.0 = Release|Any CPU
		{48E61970-5441-4F37-8AA5-2C433D618300}.AppStore|iPhoneSimulator.ActiveCfg = Release|Any CPU
		{48E61970-5441-4F37-8AA5-2C433D618300}.AppStore|iPhoneSimulator.Build.0 = Release|Any CPU
		{48E61970-5441-4F37-8AA5-2C433D618300}.AppStore|x64.ActiveCfg = Release|Any CPU
		{48E61970-5441-4F37-8AA5-2C433D618300}.AppStore|x64.Build.0 = Release|Any CPU
		{48E61970-5441-4F37-8AA5-2C433D618300}.AppStore|x86.ActiveCfg = Release|Any CPU
		{48E61970-5441-4F37-8AA5-2C433D618300}.AppStore|x86.Build.0 = Release|Any CPU
		{48E61970-5441-4F37-8AA5-2C433D618300}.Debug|Any CPU.ActiveCfg = Debug|Any CPU
		{48E61970-5441-4F37-8AA5-2C433D618300}.Debug|Any CPU.Build.0 = Debug|Any CPU
		{48E61970-5441-4F37-8AA5-2C433D618300}.Debug|ARM.ActiveCfg = Debug|Any CPU
		{48E61970-5441-4F37-8AA5-2C433D618300}.Debug|ARM.Build.0 = Debug|Any CPU
		{48E61970-5441-4F37-8AA5-2C433D618300}.Debug|iPhone.ActiveCfg = Debug|Any CPU
		{48E61970-5441-4F37-8AA5-2C433D618300}.Debug|iPhone.Build.0 = Debug|Any CPU
		{48E61970-5441-4F37-8AA5-2C433D618300}.Debug|iPhoneSimulator.ActiveCfg = Debug|Any CPU
		{48E61970-5441-4F37-8AA5-2C433D618300}.Debug|iPhoneSimulator.Build.0 = Debug|Any CPU
		{48E61970-5441-4F37-8AA5-2C433D618300}.Debug|x64.ActiveCfg = Debug|Any CPU
		{48E61970-5441-4F37-8AA5-2C433D618300}.Debug|x64.Build.0 = Debug|Any CPU
		{48E61970-5441-4F37-8AA5-2C433D618300}.Debug|x86.ActiveCfg = Debug|Any CPU
		{48E61970-5441-4F37-8AA5-2C433D618300}.Debug|x86.Build.0 = Debug|Any CPU
		{48E61970-5441-4F37-8AA5-2C433D618300}.Release|Any CPU.ActiveCfg = Release|Any CPU
		{48E61970-5441-4F37-8AA5-2C433D618300}.Release|Any CPU.Build.0 = Release|Any CPU
		{48E61970-5441-4F37-8AA5-2C433D618300}.Release|ARM.ActiveCfg = Release|Any CPU
		{48E61970-5441-4F37-8AA5-2C433D618300}.Release|ARM.Build.0 = Release|Any CPU
		{48E61970-5441-4F37-8AA5-2C433D618300}.Release|iPhone.ActiveCfg = Release|Any CPU
		{48E61970-5441-4F37-8AA5-2C433D618300}.Release|iPhone.Build.0 = Release|Any CPU
		{48E61970-5441-4F37-8AA5-2C433D618300}.Release|iPhoneSimulator.ActiveCfg = Release|Any CPU
		{48E61970-5441-4F37-8AA5-2C433D618300}.Release|iPhoneSimulator.Build.0 = Release|Any CPU
		{48E61970-5441-4F37-8AA5-2C433D618300}.Release|x64.ActiveCfg = Release|Any CPU
		{48E61970-5441-4F37-8AA5-2C433D618300}.Release|x64.Build.0 = Release|Any CPU
		{48E61970-5441-4F37-8AA5-2C433D618300}.Release|x86.ActiveCfg = Release|Any CPU
		{48E61970-5441-4F37-8AA5-2C433D618300}.Release|x86.Build.0 = Release|Any CPU
		{742D1D42-26F2-42AC-A782-CE739829D27F}.Ad-Hoc|Any CPU.ActiveCfg = Release|Any CPU
		{742D1D42-26F2-42AC-A782-CE739829D27F}.Ad-Hoc|Any CPU.Build.0 = Release|Any CPU
		{742D1D42-26F2-42AC-A782-CE739829D27F}.Ad-Hoc|Any CPU.Deploy.0 = Release|Any CPU
		{742D1D42-26F2-42AC-A782-CE739829D27F}.Ad-Hoc|ARM.ActiveCfg = Release|Any CPU
		{742D1D42-26F2-42AC-A782-CE739829D27F}.Ad-Hoc|ARM.Build.0 = Release|Any CPU
		{742D1D42-26F2-42AC-A782-CE739829D27F}.Ad-Hoc|ARM.Deploy.0 = Release|Any CPU
		{742D1D42-26F2-42AC-A782-CE739829D27F}.Ad-Hoc|iPhone.ActiveCfg = Release|Any CPU
		{742D1D42-26F2-42AC-A782-CE739829D27F}.Ad-Hoc|iPhone.Build.0 = Release|Any CPU
		{742D1D42-26F2-42AC-A782-CE739829D27F}.Ad-Hoc|iPhone.Deploy.0 = Release|Any CPU
		{742D1D42-26F2-42AC-A782-CE739829D27F}.Ad-Hoc|iPhoneSimulator.ActiveCfg = Release|Any CPU
		{742D1D42-26F2-42AC-A782-CE739829D27F}.Ad-Hoc|iPhoneSimulator.Build.0 = Release|Any CPU
		{742D1D42-26F2-42AC-A782-CE739829D27F}.Ad-Hoc|iPhoneSimulator.Deploy.0 = Release|Any CPU
		{742D1D42-26F2-42AC-A782-CE739829D27F}.Ad-Hoc|x64.ActiveCfg = Release|Any CPU
		{742D1D42-26F2-42AC-A782-CE739829D27F}.Ad-Hoc|x64.Build.0 = Release|Any CPU
		{742D1D42-26F2-42AC-A782-CE739829D27F}.Ad-Hoc|x64.Deploy.0 = Release|Any CPU
		{742D1D42-26F2-42AC-A782-CE739829D27F}.Ad-Hoc|x86.ActiveCfg = Release|Any CPU
		{742D1D42-26F2-42AC-A782-CE739829D27F}.Ad-Hoc|x86.Build.0 = Release|Any CPU
		{742D1D42-26F2-42AC-A782-CE739829D27F}.Ad-Hoc|x86.Deploy.0 = Release|Any CPU
		{742D1D42-26F2-42AC-A782-CE739829D27F}.AppStore|Any CPU.ActiveCfg = Release|Any CPU
		{742D1D42-26F2-42AC-A782-CE739829D27F}.AppStore|Any CPU.Build.0 = Release|Any CPU
		{742D1D42-26F2-42AC-A782-CE739829D27F}.AppStore|Any CPU.Deploy.0 = Release|Any CPU
		{742D1D42-26F2-42AC-A782-CE739829D27F}.AppStore|ARM.ActiveCfg = Release|Any CPU
		{742D1D42-26F2-42AC-A782-CE739829D27F}.AppStore|ARM.Build.0 = Release|Any CPU
		{742D1D42-26F2-42AC-A782-CE739829D27F}.AppStore|ARM.Deploy.0 = Release|Any CPU
		{742D1D42-26F2-42AC-A782-CE739829D27F}.AppStore|iPhone.ActiveCfg = Release|Any CPU
		{742D1D42-26F2-42AC-A782-CE739829D27F}.AppStore|iPhone.Build.0 = Release|Any CPU
		{742D1D42-26F2-42AC-A782-CE739829D27F}.AppStore|iPhone.Deploy.0 = Release|Any CPU
		{742D1D42-26F2-42AC-A782-CE739829D27F}.AppStore|iPhoneSimulator.ActiveCfg = Release|Any CPU
		{742D1D42-26F2-42AC-A782-CE739829D27F}.AppStore|iPhoneSimulator.Build.0 = Release|Any CPU
		{742D1D42-26F2-42AC-A782-CE739829D27F}.AppStore|iPhoneSimulator.Deploy.0 = Release|Any CPU
		{742D1D42-26F2-42AC-A782-CE739829D27F}.AppStore|x64.ActiveCfg = Release|Any CPU
		{742D1D42-26F2-42AC-A782-CE739829D27F}.AppStore|x64.Build.0 = Release|Any CPU
		{742D1D42-26F2-42AC-A782-CE739829D27F}.AppStore|x64.Deploy.0 = Release|Any CPU
		{742D1D42-26F2-42AC-A782-CE739829D27F}.AppStore|x86.ActiveCfg = Release|Any CPU
		{742D1D42-26F2-42AC-A782-CE739829D27F}.AppStore|x86.Build.0 = Release|Any CPU
		{742D1D42-26F2-42AC-A782-CE739829D27F}.AppStore|x86.Deploy.0 = Release|Any CPU
		{742D1D42-26F2-42AC-A782-CE739829D27F}.Debug|Any CPU.ActiveCfg = Debug|Any CPU
		{742D1D42-26F2-42AC-A782-CE739829D27F}.Debug|Any CPU.Build.0 = Debug|Any CPU
		{742D1D42-26F2-42AC-A782-CE739829D27F}.Debug|Any CPU.Deploy.0 = Debug|Any CPU
		{742D1D42-26F2-42AC-A782-CE739829D27F}.Debug|ARM.ActiveCfg = Debug|Any CPU
		{742D1D42-26F2-42AC-A782-CE739829D27F}.Debug|ARM.Build.0 = Debug|Any CPU
		{742D1D42-26F2-42AC-A782-CE739829D27F}.Debug|ARM.Deploy.0 = Debug|Any CPU
		{742D1D42-26F2-42AC-A782-CE739829D27F}.Debug|iPhone.ActiveCfg = Debug|Any CPU
		{742D1D42-26F2-42AC-A782-CE739829D27F}.Debug|iPhone.Build.0 = Debug|Any CPU
		{742D1D42-26F2-42AC-A782-CE739829D27F}.Debug|iPhone.Deploy.0 = Debug|Any CPU
		{742D1D42-26F2-42AC-A782-CE739829D27F}.Debug|iPhoneSimulator.ActiveCfg = Debug|Any CPU
		{742D1D42-26F2-42AC-A782-CE739829D27F}.Debug|iPhoneSimulator.Build.0 = Debug|Any CPU
		{742D1D42-26F2-42AC-A782-CE739829D27F}.Debug|iPhoneSimulator.Deploy.0 = Debug|Any CPU
		{742D1D42-26F2-42AC-A782-CE739829D27F}.Debug|x64.ActiveCfg = Debug|Any CPU
		{742D1D42-26F2-42AC-A782-CE739829D27F}.Debug|x64.Build.0 = Debug|Any CPU
		{742D1D42-26F2-42AC-A782-CE739829D27F}.Debug|x64.Deploy.0 = Debug|Any CPU
		{742D1D42-26F2-42AC-A782-CE739829D27F}.Debug|x86.ActiveCfg = Debug|Any CPU
		{742D1D42-26F2-42AC-A782-CE739829D27F}.Debug|x86.Build.0 = Debug|Any CPU
		{742D1D42-26F2-42AC-A782-CE739829D27F}.Debug|x86.Deploy.0 = Debug|Any CPU
		{742D1D42-26F2-42AC-A782-CE739829D27F}.Release|Any CPU.ActiveCfg = Release|Any CPU
		{742D1D42-26F2-42AC-A782-CE739829D27F}.Release|Any CPU.Build.0 = Release|Any CPU
		{742D1D42-26F2-42AC-A782-CE739829D27F}.Release|Any CPU.Deploy.0 = Release|Any CPU
		{742D1D42-26F2-42AC-A782-CE739829D27F}.Release|ARM.ActiveCfg = Release|Any CPU
		{742D1D42-26F2-42AC-A782-CE739829D27F}.Release|ARM.Build.0 = Release|Any CPU
		{742D1D42-26F2-42AC-A782-CE739829D27F}.Release|ARM.Deploy.0 = Release|Any CPU
		{742D1D42-26F2-42AC-A782-CE739829D27F}.Release|iPhone.ActiveCfg = Release|Any CPU
		{742D1D42-26F2-42AC-A782-CE739829D27F}.Release|iPhone.Build.0 = Release|Any CPU
		{742D1D42-26F2-42AC-A782-CE739829D27F}.Release|iPhone.Deploy.0 = Release|Any CPU
		{742D1D42-26F2-42AC-A782-CE739829D27F}.Release|iPhoneSimulator.ActiveCfg = Release|Any CPU
		{742D1D42-26F2-42AC-A782-CE739829D27F}.Release|iPhoneSimulator.Build.0 = Release|Any CPU
		{742D1D42-26F2-42AC-A782-CE739829D27F}.Release|iPhoneSimulator.Deploy.0 = Release|Any CPU
		{742D1D42-26F2-42AC-A782-CE739829D27F}.Release|x64.ActiveCfg = Release|Any CPU
		{742D1D42-26F2-42AC-A782-CE739829D27F}.Release|x64.Build.0 = Release|Any CPU
		{742D1D42-26F2-42AC-A782-CE739829D27F}.Release|x64.Deploy.0 = Release|Any CPU
		{742D1D42-26F2-42AC-A782-CE739829D27F}.Release|x86.ActiveCfg = Release|Any CPU
		{742D1D42-26F2-42AC-A782-CE739829D27F}.Release|x86.Build.0 = Release|Any CPU
		{742D1D42-26F2-42AC-A782-CE739829D27F}.Release|x86.Deploy.0 = Release|Any CPU
		{0FC04B60-3057-454E-9C04-A6FD1F7B5201}.Ad-Hoc|Any CPU.ActiveCfg = Release|Any CPU
		{0FC04B60-3057-454E-9C04-A6FD1F7B5201}.Ad-Hoc|Any CPU.Build.0 = Release|Any CPU
		{0FC04B60-3057-454E-9C04-A6FD1F7B5201}.Ad-Hoc|ARM.ActiveCfg = Release|Any CPU
		{0FC04B60-3057-454E-9C04-A6FD1F7B5201}.Ad-Hoc|ARM.Build.0 = Release|Any CPU
		{0FC04B60-3057-454E-9C04-A6FD1F7B5201}.Ad-Hoc|iPhone.ActiveCfg = Release|Any CPU
		{0FC04B60-3057-454E-9C04-A6FD1F7B5201}.Ad-Hoc|iPhone.Build.0 = Release|Any CPU
		{0FC04B60-3057-454E-9C04-A6FD1F7B5201}.Ad-Hoc|iPhoneSimulator.ActiveCfg = Release|Any CPU
		{0FC04B60-3057-454E-9C04-A6FD1F7B5201}.Ad-Hoc|iPhoneSimulator.Build.0 = Release|Any CPU
		{0FC04B60-3057-454E-9C04-A6FD1F7B5201}.Ad-Hoc|x64.ActiveCfg = Release|Any CPU
		{0FC04B60-3057-454E-9C04-A6FD1F7B5201}.Ad-Hoc|x64.Build.0 = Release|Any CPU
		{0FC04B60-3057-454E-9C04-A6FD1F7B5201}.Ad-Hoc|x86.ActiveCfg = Release|Any CPU
		{0FC04B60-3057-454E-9C04-A6FD1F7B5201}.Ad-Hoc|x86.Build.0 = Release|Any CPU
		{0FC04B60-3057-454E-9C04-A6FD1F7B5201}.AppStore|Any CPU.ActiveCfg = Release|Any CPU
		{0FC04B60-3057-454E-9C04-A6FD1F7B5201}.AppStore|Any CPU.Build.0 = Release|Any CPU
		{0FC04B60-3057-454E-9C04-A6FD1F7B5201}.AppStore|ARM.ActiveCfg = Release|Any CPU
		{0FC04B60-3057-454E-9C04-A6FD1F7B5201}.AppStore|ARM.Build.0 = Release|Any CPU
		{0FC04B60-3057-454E-9C04-A6FD1F7B5201}.AppStore|iPhone.ActiveCfg = Release|Any CPU
		{0FC04B60-3057-454E-9C04-A6FD1F7B5201}.AppStore|iPhone.Build.0 = Release|Any CPU
		{0FC04B60-3057-454E-9C04-A6FD1F7B5201}.AppStore|iPhoneSimulator.ActiveCfg = Release|Any CPU
		{0FC04B60-3057-454E-9C04-A6FD1F7B5201}.AppStore|iPhoneSimulator.Build.0 = Release|Any CPU
		{0FC04B60-3057-454E-9C04-A6FD1F7B5201}.AppStore|x64.ActiveCfg = Release|Any CPU
		{0FC04B60-3057-454E-9C04-A6FD1F7B5201}.AppStore|x64.Build.0 = Release|Any CPU
		{0FC04B60-3057-454E-9C04-A6FD1F7B5201}.AppStore|x86.ActiveCfg = Release|Any CPU
		{0FC04B60-3057-454E-9C04-A6FD1F7B5201}.AppStore|x86.Build.0 = Release|Any CPU
		{0FC04B60-3057-454E-9C04-A6FD1F7B5201}.Debug|Any CPU.ActiveCfg = Debug|Any CPU
		{0FC04B60-3057-454E-9C04-A6FD1F7B5201}.Debug|Any CPU.Build.0 = Debug|Any CPU
		{0FC04B60-3057-454E-9C04-A6FD1F7B5201}.Debug|ARM.ActiveCfg = Debug|Any CPU
		{0FC04B60-3057-454E-9C04-A6FD1F7B5201}.Debug|ARM.Build.0 = Debug|Any CPU
		{0FC04B60-3057-454E-9C04-A6FD1F7B5201}.Debug|iPhone.ActiveCfg = Debug|Any CPU
		{0FC04B60-3057-454E-9C04-A6FD1F7B5201}.Debug|iPhone.Build.0 = Debug|Any CPU
		{0FC04B60-3057-454E-9C04-A6FD1F7B5201}.Debug|iPhoneSimulator.ActiveCfg = Debug|Any CPU
		{0FC04B60-3057-454E-9C04-A6FD1F7B5201}.Debug|iPhoneSimulator.Build.0 = Debug|Any CPU
		{0FC04B60-3057-454E-9C04-A6FD1F7B5201}.Debug|x64.ActiveCfg = Debug|Any CPU
		{0FC04B60-3057-454E-9C04-A6FD1F7B5201}.Debug|x64.Build.0 = Debug|Any CPU
		{0FC04B60-3057-454E-9C04-A6FD1F7B5201}.Debug|x86.ActiveCfg = Debug|Any CPU
		{0FC04B60-3057-454E-9C04-A6FD1F7B5201}.Debug|x86.Build.0 = Debug|Any CPU
		{0FC04B60-3057-454E-9C04-A6FD1F7B5201}.Release|Any CPU.ActiveCfg = Release|Any CPU
		{0FC04B60-3057-454E-9C04-A6FD1F7B5201}.Release|Any CPU.Build.0 = Release|Any CPU
		{0FC04B60-3057-454E-9C04-A6FD1F7B5201}.Release|ARM.ActiveCfg = Release|Any CPU
		{0FC04B60-3057-454E-9C04-A6FD1F7B5201}.Release|ARM.Build.0 = Release|Any CPU
		{0FC04B60-3057-454E-9C04-A6FD1F7B5201}.Release|iPhone.ActiveCfg = Release|Any CPU
		{0FC04B60-3057-454E-9C04-A6FD1F7B5201}.Release|iPhone.Build.0 = Release|Any CPU
		{0FC04B60-3057-454E-9C04-A6FD1F7B5201}.Release|iPhoneSimulator.ActiveCfg = Release|Any CPU
		{0FC04B60-3057-454E-9C04-A6FD1F7B5201}.Release|iPhoneSimulator.Build.0 = Release|Any CPU
		{0FC04B60-3057-454E-9C04-A6FD1F7B5201}.Release|x64.ActiveCfg = Release|Any CPU
		{0FC04B60-3057-454E-9C04-A6FD1F7B5201}.Release|x64.Build.0 = Release|Any CPU
		{0FC04B60-3057-454E-9C04-A6FD1F7B5201}.Release|x86.ActiveCfg = Release|Any CPU
		{0FC04B60-3057-454E-9C04-A6FD1F7B5201}.Release|x86.Build.0 = Release|Any CPU
		{A20D117E-EA7D-42AA-9BB6-88D64C9A3542}.Ad-Hoc|Any CPU.ActiveCfg = Release|Any CPU
		{A20D117E-EA7D-42AA-9BB6-88D64C9A3542}.Ad-Hoc|Any CPU.Build.0 = Release|Any CPU
		{A20D117E-EA7D-42AA-9BB6-88D64C9A3542}.Ad-Hoc|ARM.ActiveCfg = Release|Any CPU
		{A20D117E-EA7D-42AA-9BB6-88D64C9A3542}.Ad-Hoc|ARM.Build.0 = Release|Any CPU
		{A20D117E-EA7D-42AA-9BB6-88D64C9A3542}.Ad-Hoc|iPhone.ActiveCfg = Release|Any CPU
		{A20D117E-EA7D-42AA-9BB6-88D64C9A3542}.Ad-Hoc|iPhone.Build.0 = Release|Any CPU
		{A20D117E-EA7D-42AA-9BB6-88D64C9A3542}.Ad-Hoc|iPhoneSimulator.ActiveCfg = Release|Any CPU
		{A20D117E-EA7D-42AA-9BB6-88D64C9A3542}.Ad-Hoc|iPhoneSimulator.Build.0 = Release|Any CPU
		{A20D117E-EA7D-42AA-9BB6-88D64C9A3542}.Ad-Hoc|x64.ActiveCfg = Release|Any CPU
		{A20D117E-EA7D-42AA-9BB6-88D64C9A3542}.Ad-Hoc|x64.Build.0 = Release|Any CPU
		{A20D117E-EA7D-42AA-9BB6-88D64C9A3542}.Ad-Hoc|x86.ActiveCfg = Release|Any CPU
		{A20D117E-EA7D-42AA-9BB6-88D64C9A3542}.Ad-Hoc|x86.Build.0 = Release|Any CPU
		{A20D117E-EA7D-42AA-9BB6-88D64C9A3542}.AppStore|Any CPU.ActiveCfg = Release|Any CPU
		{A20D117E-EA7D-42AA-9BB6-88D64C9A3542}.AppStore|Any CPU.Build.0 = Release|Any CPU
		{A20D117E-EA7D-42AA-9BB6-88D64C9A3542}.AppStore|ARM.ActiveCfg = Release|Any CPU
		{A20D117E-EA7D-42AA-9BB6-88D64C9A3542}.AppStore|ARM.Build.0 = Release|Any CPU
		{A20D117E-EA7D-42AA-9BB6-88D64C9A3542}.AppStore|iPhone.ActiveCfg = Release|Any CPU
		{A20D117E-EA7D-42AA-9BB6-88D64C9A3542}.AppStore|iPhone.Build.0 = Release|Any CPU
		{A20D117E-EA7D-42AA-9BB6-88D64C9A3542}.AppStore|iPhoneSimulator.ActiveCfg = Release|Any CPU
		{A20D117E-EA7D-42AA-9BB6-88D64C9A3542}.AppStore|iPhoneSimulator.Build.0 = Release|Any CPU
		{A20D117E-EA7D-42AA-9BB6-88D64C9A3542}.AppStore|x64.ActiveCfg = Release|Any CPU
		{A20D117E-EA7D-42AA-9BB6-88D64C9A3542}.AppStore|x64.Build.0 = Release|Any CPU
		{A20D117E-EA7D-42AA-9BB6-88D64C9A3542}.AppStore|x86.ActiveCfg = Release|Any CPU
		{A20D117E-EA7D-42AA-9BB6-88D64C9A3542}.AppStore|x86.Build.0 = Release|Any CPU
		{A20D117E-EA7D-42AA-9BB6-88D64C9A3542}.Debug|Any CPU.ActiveCfg = Debug|Any CPU
		{A20D117E-EA7D-42AA-9BB6-88D64C9A3542}.Debug|Any CPU.Build.0 = Debug|Any CPU
		{A20D117E-EA7D-42AA-9BB6-88D64C9A3542}.Debug|ARM.ActiveCfg = Debug|Any CPU
		{A20D117E-EA7D-42AA-9BB6-88D64C9A3542}.Debug|ARM.Build.0 = Debug|Any CPU
		{A20D117E-EA7D-42AA-9BB6-88D64C9A3542}.Debug|iPhone.ActiveCfg = Debug|Any CPU
		{A20D117E-EA7D-42AA-9BB6-88D64C9A3542}.Debug|iPhone.Build.0 = Debug|Any CPU
		{A20D117E-EA7D-42AA-9BB6-88D64C9A3542}.Debug|iPhoneSimulator.ActiveCfg = Debug|Any CPU
		{A20D117E-EA7D-42AA-9BB6-88D64C9A3542}.Debug|iPhoneSimulator.Build.0 = Debug|Any CPU
		{A20D117E-EA7D-42AA-9BB6-88D64C9A3542}.Debug|x64.ActiveCfg = Debug|Any CPU
		{A20D117E-EA7D-42AA-9BB6-88D64C9A3542}.Debug|x64.Build.0 = Debug|Any CPU
		{A20D117E-EA7D-42AA-9BB6-88D64C9A3542}.Debug|x86.ActiveCfg = Debug|Any CPU
		{A20D117E-EA7D-42AA-9BB6-88D64C9A3542}.Debug|x86.Build.0 = Debug|Any CPU
		{A20D117E-EA7D-42AA-9BB6-88D64C9A3542}.Release|Any CPU.ActiveCfg = Release|Any CPU
		{A20D117E-EA7D-42AA-9BB6-88D64C9A3542}.Release|Any CPU.Build.0 = Release|Any CPU
		{A20D117E-EA7D-42AA-9BB6-88D64C9A3542}.Release|ARM.ActiveCfg = Release|Any CPU
		{A20D117E-EA7D-42AA-9BB6-88D64C9A3542}.Release|ARM.Build.0 = Release|Any CPU
		{A20D117E-EA7D-42AA-9BB6-88D64C9A3542}.Release|iPhone.ActiveCfg = Release|Any CPU
		{A20D117E-EA7D-42AA-9BB6-88D64C9A3542}.Release|iPhone.Build.0 = Release|Any CPU
		{A20D117E-EA7D-42AA-9BB6-88D64C9A3542}.Release|iPhoneSimulator.ActiveCfg = Release|Any CPU
		{A20D117E-EA7D-42AA-9BB6-88D64C9A3542}.Release|iPhoneSimulator.Build.0 = Release|Any CPU
		{A20D117E-EA7D-42AA-9BB6-88D64C9A3542}.Release|x64.ActiveCfg = Release|Any CPU
		{A20D117E-EA7D-42AA-9BB6-88D64C9A3542}.Release|x64.Build.0 = Release|Any CPU
		{A20D117E-EA7D-42AA-9BB6-88D64C9A3542}.Release|x86.ActiveCfg = Release|Any CPU
		{A20D117E-EA7D-42AA-9BB6-88D64C9A3542}.Release|x86.Build.0 = Release|Any CPU
	EndGlobalSection
	GlobalSection(SolutionProperties) = preSolution
		HideSolutionNode = FALSE
	EndGlobalSection
	GlobalSection(NestedProjects) = preSolution
		{48E61970-5441-4F37-8AA5-2C433D618300} = {57E16545-8168-49A2-9A09-B6B1D6EAE9CF}
		{742D1D42-26F2-42AC-A782-CE739829D27F} = {57E16545-8168-49A2-9A09-B6B1D6EAE9CF}
		{0FC04B60-3057-454E-9C04-A6FD1F7B5201} = {A5C27700-F60C-4B10-BB26-BFF12073D7DB}
		{A20D117E-EA7D-42AA-9BB6-88D64C9A3542} = {A5C27700-F60C-4B10-BB26-BFF12073D7DB}
	EndGlobalSection
EndGlobal
